
Microsoft Visual Studio Solution File, Format Version 12.00
# Visual Studio 2012
VisualStudioVersion = 15.0.27004.2005
MinimumVisualStudioVersion = 10.0.40219.1
Project("{FAE04EC0-301F-11D3-BF4B-00C04F79EFBC}") = "Gral", "src\Gral.csproj", "{6CC8845D-A38D-4BA8-BA29-9AD92A2DC44E}"
EndProject
Global
	GlobalSection(SolutionConfigurationPlatforms) = preSolution
		Debug|Any CPU = Debug|Any CPU
		Release|Any CPU = Release|Any CPU
	EndGlobalSection
	GlobalSection(ProjectConfigurationPlatforms) = postSolution
		{6CC8845D-A38D-4BA8-BA29-9AD92A2DC44E}.Debug|Any CPU.ActiveCfg = Debug|Any CPU
		{6CC8845D-A38D-4BA8-BA29-9AD92A2DC44E}.Debug|Any CPU.Build.0 = Debug|Any CPU
		{6CC8845D-A38D-4BA8-BA29-9AD92A2DC44E}.Release|Any CPU.ActiveCfg = Release|Any CPU
		{6CC8845D-A38D-4BA8-BA29-9AD92A2DC44E}.Release|Any CPU.Build.0 = Release|Any CPU
	EndGlobalSection
	GlobalSection(Performance) = preSolution
		HasPerformanceSessions = true
	EndGlobalSection
	GlobalSection(SolutionProperties) = preSolution
		HideSolutionNode = FALSE
	EndGlobalSection
	GlobalSection(ExtensibilityGlobals) = postSolution
		SolutionGuid = {1259C495-7E0E-4F93-8C78-BB7FDDF77800}
	EndGlobalSection
	GlobalSection(MonoDevelopProperties) = preSolution
		description = GRAL LINUX ALPHA Version
		Policies = $0
		$0.DotNetNamingPolicy = $1
		$1.DirectoryNamespaceAssociation = PrefixedHierarchical
		$0.StandardHeader = $2
		version = 14.11
	EndGlobalSection
EndGlobal
